// !$*UTF8*$!
{
	archiveVersion = 1;
	classes = {
	};
	objectVersion = 56;
	objects = {

/* Begin PBXBuildFile section */
		9D7AA4302B3187F600EEAC9A /* AppDelegate.swift in Sources */ = {isa = PBXBuildFile; fileRef = 9D7AA42F2B3187F600EEAC9A /* AppDelegate.swift */; };
		9D7AA4322B3187F600EEAC9A /* SceneDelegate.swift in Sources */ = {isa = PBXBuildFile; fileRef = 9D7AA4312B3187F600EEAC9A /* SceneDelegate.swift */; };
		9D7AA4392B3187F800EEAC9A /* Assets.xcassets in Resources */ = {isa = PBXBuildFile; fileRef = 9D7AA4382B3187F800EEAC9A /* Assets.xcassets */; };
		9D7AA43C2B3187F800EEAC9A /* LaunchScreen.storyboard in Resources */ = {isa = PBXBuildFile; fileRef = 9D7AA43A2B3187F800EEAC9A /* LaunchScreen.storyboard */; };
		9D7AA44C2B318B6B00EEAC9A /* CustomBlueButton.swift in Sources */ = {isa = PBXBuildFile; fileRef = 9D7AA44B2B318B6B00EEAC9A /* CustomBlueButton.swift */; };
		9D7AA44E2B318D1200EEAC9A /* UIColor.swift in Sources */ = {isa = PBXBuildFile; fileRef = 9D7AA44D2B318D1200EEAC9A /* UIColor.swift */; };
		9D7AA4502B318D5B00EEAC9A /* Colors.xcassets in Resources */ = {isa = PBXBuildFile; fileRef = 9D7AA44F2B318D5B00EEAC9A /* Colors.xcassets */; };
		9D7AA4542B318FCC00EEAC9A /* HotelView.swift in Sources */ = {isa = PBXBuildFile; fileRef = 9D7AA4532B318FCC00EEAC9A /* HotelView.swift */; };
		9D7AA4572B318FDD00EEAC9A /* HotelViewController.swift in Sources */ = {isa = PBXBuildFile; fileRef = 9D7AA4562B318FDD00EEAC9A /* HotelViewController.swift */; };
		9D7AA4592B318FF000EEAC9A /* HotelViewModel.swift in Sources */ = {isa = PBXBuildFile; fileRef = 9D7AA4582B318FF000EEAC9A /* HotelViewModel.swift */; };
		9D7AA45B2B31D5C300EEAC9A /* NameHotelAndLocationView.swift in Sources */ = {isa = PBXBuildFile; fileRef = 9D7AA45A2B31D5C300EEAC9A /* NameHotelAndLocationView.swift */; };
		9D7AA45D2B31E38300EEAC9A /* TitleHotelHeader.swift in Sources */ = {isa = PBXBuildFile; fileRef = 9D7AA45C2B31E38300EEAC9A /* TitleHotelHeader.swift */; };
		9D7AA45F2B31F13900EEAC9A /* GalleryPhotoView.swift in Sources */ = {isa = PBXBuildFile; fileRef = 9D7AA45E2B31F13900EEAC9A /* GalleryPhotoView.swift */; };
		9D7AA4632B331E5E00EEAC9A /* UIFont.swift in Sources */ = {isa = PBXBuildFile; fileRef = 9D7AA4622B331E5E00EEAC9A /* UIFont.swift */; };
		9D7AA4652B3336D200EEAC9A /* DescriptionHotelCell.swift in Sources */ = {isa = PBXBuildFile; fileRef = 9D7AA4642B3336D200EEAC9A /* DescriptionHotelCell.swift */; };
		9D7AA4682B33548100EEAC9A /* UIViewExtensions.swift in Sources */ = {isa = PBXBuildFile; fileRef = 9D7AA4672B33548100EEAC9A /* UIViewExtensions.swift */; };
		9D8612202B3AC2300077D59C /* UILabelExtensions.swift in Sources */ = {isa = PBXBuildFile; fileRef = 9D86121F2B3AC2300077D59C /* UILabelExtensions.swift */; };
		9D8612222B3ACAA10077D59C /* ReservationViewController.swift in Sources */ = {isa = PBXBuildFile; fileRef = 9D8612212B3ACAA10077D59C /* ReservationViewController.swift */; };
		9D8612272B3ACDFE0077D59C /* ReservationView.swift in Sources */ = {isa = PBXBuildFile; fileRef = 9D8612262B3ACDFE0077D59C /* ReservationView.swift */; };
		9D8612292B3AEDE60077D59C /* CustomTextField.swift in Sources */ = {isa = PBXBuildFile; fileRef = 9D8612282B3AEDE60077D59C /* CustomTextField.swift */; };
		9D86122C2B3AEE3C0077D59C /* IQKeyboardManagerSwift in Frameworks */ = {isa = PBXBuildFile; productRef = 9D86122B2B3AEE3C0077D59C /* IQKeyboardManagerSwift */; };
		9D86122E2B3B084E0077D59C /* OrderParametersHeader.swift in Sources */ = {isa = PBXBuildFile; fileRef = 9D86122D2B3B084E0077D59C /* OrderParametersHeader.swift */; };
		9D8612322B3B0AEA0077D59C /* OrderStackView.swift in Sources */ = {isa = PBXBuildFile; fileRef = 9D8612312B3B0AEA0077D59C /* OrderStackView.swift */; };
		9D8612342B3B1A5E0077D59C /* UIStackViewExtensions.swift in Sources */ = {isa = PBXBuildFile; fileRef = 9D8612332B3B1A5E0077D59C /* UIStackViewExtensions.swift */; };
		9D8612362B3B37E10077D59C /* TouristCell.swift in Sources */ = {isa = PBXBuildFile; fileRef = 9D8612352B3B37E10077D59C /* TouristCell.swift */; };
		9D8612382B3B72A80077D59C /* FinalPriceAndAddTouristFooter.swift in Sources */ = {isa = PBXBuildFile; fileRef = 9D8612372B3B72A80077D59C /* FinalPriceAndAddTouristFooter.swift */; };
		9D8612452B3CC1F40077D59C /* OrderPaidViewController.swift in Sources */ = {isa = PBXBuildFile; fileRef = 9D8612442B3CC1F40077D59C /* OrderPaidViewController.swift */; };
		9D8612472B3CC2050077D59C /* OrderPaidView.swift in Sources */ = {isa = PBXBuildFile; fileRef = 9D8612462B3CC2050077D59C /* OrderPaidView.swift */; };
		9D86124A2B3D4B4D0077D59C /* ViewModelProtocol.swift in Sources */ = {isa = PBXBuildFile; fileRef = 9D8612492B3D4B4D0077D59C /* ViewModelProtocol.swift */; };
		9D86124C2B3D4EAB0077D59C /* HotelModelDecodable.swift in Sources */ = {isa = PBXBuildFile; fileRef = 9D86124B2B3D4EAB0077D59C /* HotelModelDecodable.swift */; };
		9D86124E2B3D4EC90077D59C /* ModelRoomsDecodable.swift in Sources */ = {isa = PBXBuildFile; fileRef = 9D86124D2B3D4EC90077D59C /* ModelRoomsDecodable.swift */; };
		9D8612502B3D4F460077D59C /* ReservationModelDecodable.swift in Sources */ = {isa = PBXBuildFile; fileRef = 9D86124F2B3D4F460077D59C /* ReservationModelDecodable.swift */; };
		9D8612532B3D55170077D59C /* ReservationViewModel.swift in Sources */ = {isa = PBXBuildFile; fileRef = 9D8612522B3D55170077D59C /* ReservationViewModel.swift */; };
		9D8612552B3D55340077D59C /* RoomViewModel.swift in Sources */ = {isa = PBXBuildFile; fileRef = 9D8612542B3D55340077D59C /* RoomViewModel.swift */; };
		9D8612572B3D97780077D59C /* OrderPaidViewModel.swift in Sources */ = {isa = PBXBuildFile; fileRef = 9D8612562B3D97780077D59C /* OrderPaidViewModel.swift */; };
		9D8612592B3D9BF80077D59C /* NetworkService.swift in Sources */ = {isa = PBXBuildFile; fileRef = 9D8612582B3D9BF80077D59C /* NetworkService.swift */; };
		9D86125B2B3E1B160077D59C /* NetworkError.swift in Sources */ = {isa = PBXBuildFile; fileRef = 9D86125A2B3E1B160077D59C /* NetworkError.swift */; };
		9D86125E2B3E1D430077D59C /* Coordinator.swift in Sources */ = {isa = PBXBuildFile; fileRef = 9D86125D2B3E1D430077D59C /* Coordinator.swift */; };
		9D8612602B3E1D710077D59C /* AppCoordinator.swift in Sources */ = {isa = PBXBuildFile; fileRef = 9D86125F2B3E1D710077D59C /* AppCoordinator.swift */; };
		9D8612622B3E23450077D59C /* DataConverter.swift in Sources */ = {isa = PBXBuildFile; fileRef = 9D8612612B3E23450077D59C /* DataConverter.swift */; };
		9D8612642B3E24030077D59C /* HotelModel.swift in Sources */ = {isa = PBXBuildFile; fileRef = 9D8612632B3E24030077D59C /* HotelModel.swift */; };
		9D8612662B3EF1B00077D59C /* RoomsModel.swift in Sources */ = {isa = PBXBuildFile; fileRef = 9D8612652B3EF1B00077D59C /* RoomsModel.swift */; };
		9D8612682B3F94840077D59C /* UsefulMethods.swift in Sources */ = {isa = PBXBuildFile; fileRef = 9D8612672B3F94840077D59C /* UsefulMethods.swift */; };
		9D86126A2B3F95320077D59C /* UIActivityIndicatorViewExtensions.swift in Sources */ = {isa = PBXBuildFile; fileRef = 9D8612692B3F95320077D59C /* UIActivityIndicatorViewExtensions.swift */; };
		9DB6D8982B3720B300FA3C41 /* ImageCell.swift in Sources */ = {isa = PBXBuildFile; fileRef = 9DB6D8972B3720B300FA3C41 /* ImageCell.swift */; };
		9DB6D89E2B37615900FA3C41 /* RoomViewController.swift in Sources */ = {isa = PBXBuildFile; fileRef = 9DB6D89D2B37615900FA3C41 /* RoomViewController.swift */; };
		9DB6D8A02B3761E500FA3C41 /* RoomView.swift in Sources */ = {isa = PBXBuildFile; fileRef = 9DB6D89F2B3761E500FA3C41 /* RoomView.swift */; };
		9DB6D8A22B3765A900FA3C41 /* RoomCell.swift in Sources */ = {isa = PBXBuildFile; fileRef = 9DB6D8A12B3765A900FA3C41 /* RoomCell.swift */; };
		9DB6D8A42B38B9DB00FA3C41 /* PriceView.swift in Sources */ = {isa = PBXBuildFile; fileRef = 9DB6D8A32B38B9DB00FA3C41 /* PriceView.swift */; };
		9DB6D8A62B38C3F300FA3C41 /* AdvantagesView.swift in Sources */ = {isa = PBXBuildFile; fileRef = 9DB6D8A52B38C3F300FA3C41 /* AdvantagesView.swift */; };
		9DD9440F2B34B5960012D1D5 /* TTGTags in Frameworks */ = {isa = PBXBuildFile; productRef = 9DD9440E2B34B5960012D1D5 /* TTGTags */; };
		9DD944152B34F60C0012D1D5 /* UIImage.swift in Sources */ = {isa = PBXBuildFile; fileRef = 9DD944142B34F60C0012D1D5 /* UIImage.swift */; };
		9DD944172B34F6DF0012D1D5 /* ServiceCellForStack.swift in Sources */ = {isa = PBXBuildFile; fileRef = 9DD944162B34F6DF0012D1D5 /* ServiceCellForStack.swift */; };
		9DD944192B35091F0012D1D5 /* ServiceModel.swift in Sources */ = {isa = PBXBuildFile; fileRef = 9DD944182B35091F0012D1D5 /* ServiceModel.swift */; };
/* End PBXBuildFile section */

/* Begin PBXFileReference section */
		9D7AA42C2B3187F600EEAC9A /* testTaskHotel.app */ = {isa = PBXFileReference; explicitFileType = wrapper.application; includeInIndex = 0; path = testTaskHotel.app; sourceTree = BUILT_PRODUCTS_DIR; };
		9D7AA42F2B3187F600EEAC9A /* AppDelegate.swift */ = {isa = PBXFileReference; lastKnownFileType = sourcecode.swift; path = AppDelegate.swift; sourceTree = "<group>"; };
		9D7AA4312B3187F600EEAC9A /* SceneDelegate.swift */ = {isa = PBXFileReference; lastKnownFileType = sourcecode.swift; path = SceneDelegate.swift; sourceTree = "<group>"; };
		9D7AA4382B3187F800EEAC9A /* Assets.xcassets */ = {isa = PBXFileReference; lastKnownFileType = folder.assetcatalog; path = Assets.xcassets; sourceTree = "<group>"; };
		9D7AA43B2B3187F800EEAC9A /* Base */ = {isa = PBXFileReference; lastKnownFileType = file.storyboard; name = Base; path = Base.lproj/LaunchScreen.storyboard; sourceTree = "<group>"; };
		9D7AA43D2B3187F800EEAC9A /* Info.plist */ = {isa = PBXFileReference; lastKnownFileType = text.plist.xml; path = Info.plist; sourceTree = "<group>"; };
		9D7AA44B2B318B6B00EEAC9A /* CustomBlueButton.swift */ = {isa = PBXFileReference; lastKnownFileType = sourcecode.swift; path = CustomBlueButton.swift; sourceTree = "<group>"; };
		9D7AA44D2B318D1200EEAC9A /* UIColor.swift */ = {isa = PBXFileReference; lastKnownFileType = sourcecode.swift; path = UIColor.swift; sourceTree = "<group>"; };
		9D7AA44F2B318D5B00EEAC9A /* Colors.xcassets */ = {isa = PBXFileReference; lastKnownFileType = folder.assetcatalog; path = Colors.xcassets; sourceTree = "<group>"; };
		9D7AA4532B318FCC00EEAC9A /* HotelView.swift */ = {isa = PBXFileReference; lastKnownFileType = sourcecode.swift; path = HotelView.swift; sourceTree = "<group>"; };
		9D7AA4562B318FDD00EEAC9A /* HotelViewController.swift */ = {isa = PBXFileReference; lastKnownFileType = sourcecode.swift; path = HotelViewController.swift; sourceTree = "<group>"; };
		9D7AA4582B318FF000EEAC9A /* HotelViewModel.swift */ = {isa = PBXFileReference; lastKnownFileType = sourcecode.swift; path = HotelViewModel.swift; sourceTree = "<group>"; };
		9D7AA45A2B31D5C300EEAC9A /* NameHotelAndLocationView.swift */ = {isa = PBXFileReference; lastKnownFileType = sourcecode.swift; path = NameHotelAndLocationView.swift; sourceTree = "<group>"; };
		9D7AA45C2B31E38300EEAC9A /* TitleHotelHeader.swift */ = {isa = PBXFileReference; lastKnownFileType = sourcecode.swift; path = TitleHotelHeader.swift; sourceTree = "<group>"; };
		9D7AA45E2B31F13900EEAC9A /* GalleryPhotoView.swift */ = {isa = PBXFileReference; lastKnownFileType = sourcecode.swift; path = GalleryPhotoView.swift; sourceTree = "<group>"; };
		9D7AA4622B331E5E00EEAC9A /* UIFont.swift */ = {isa = PBXFileReference; lastKnownFileType = sourcecode.swift; path = UIFont.swift; sourceTree = "<group>"; };
		9D7AA4642B3336D200EEAC9A /* DescriptionHotelCell.swift */ = {isa = PBXFileReference; lastKnownFileType = sourcecode.swift; path = DescriptionHotelCell.swift; sourceTree = "<group>"; };
		9D7AA4672B33548100EEAC9A /* UIViewExtensions.swift */ = {isa = PBXFileReference; lastKnownFileType = sourcecode.swift; path = UIViewExtensions.swift; sourceTree = "<group>"; };
		9D86121F2B3AC2300077D59C /* UILabelExtensions.swift */ = {isa = PBXFileReference; lastKnownFileType = sourcecode.swift; path = UILabelExtensions.swift; sourceTree = "<group>"; };
		9D8612212B3ACAA10077D59C /* ReservationViewController.swift */ = {isa = PBXFileReference; lastKnownFileType = sourcecode.swift; path = ReservationViewController.swift; sourceTree = "<group>"; };
		9D8612262B3ACDFE0077D59C /* ReservationView.swift */ = {isa = PBXFileReference; lastKnownFileType = sourcecode.swift; path = ReservationView.swift; sourceTree = "<group>"; };
		9D8612282B3AEDE60077D59C /* CustomTextField.swift */ = {isa = PBXFileReference; lastKnownFileType = sourcecode.swift; path = CustomTextField.swift; sourceTree = "<group>"; };
		9D86122D2B3B084E0077D59C /* OrderParametersHeader.swift */ = {isa = PBXFileReference; lastKnownFileType = sourcecode.swift; path = OrderParametersHeader.swift; sourceTree = "<group>"; };
		9D8612312B3B0AEA0077D59C /* OrderStackView.swift */ = {isa = PBXFileReference; lastKnownFileType = sourcecode.swift; path = OrderStackView.swift; sourceTree = "<group>"; };
		9D8612332B3B1A5E0077D59C /* UIStackViewExtensions.swift */ = {isa = PBXFileReference; lastKnownFileType = sourcecode.swift; path = UIStackViewExtensions.swift; sourceTree = "<group>"; };
		9D8612352B3B37E10077D59C /* TouristCell.swift */ = {isa = PBXFileReference; lastKnownFileType = sourcecode.swift; path = TouristCell.swift; sourceTree = "<group>"; };
		9D8612372B3B72A80077D59C /* FinalPriceAndAddTouristFooter.swift */ = {isa = PBXFileReference; lastKnownFileType = sourcecode.swift; path = FinalPriceAndAddTouristFooter.swift; sourceTree = "<group>"; };
		9D8612442B3CC1F40077D59C /* OrderPaidViewController.swift */ = {isa = PBXFileReference; lastKnownFileType = sourcecode.swift; path = OrderPaidViewController.swift; sourceTree = "<group>"; };
		9D8612462B3CC2050077D59C /* OrderPaidView.swift */ = {isa = PBXFileReference; lastKnownFileType = sourcecode.swift; path = OrderPaidView.swift; sourceTree = "<group>"; };
		9D8612492B3D4B4D0077D59C /* ViewModelProtocol.swift */ = {isa = PBXFileReference; lastKnownFileType = sourcecode.swift; path = ViewModelProtocol.swift; sourceTree = "<group>"; };
		9D86124B2B3D4EAB0077D59C /* HotelModelDecodable.swift */ = {isa = PBXFileReference; lastKnownFileType = sourcecode.swift; path = HotelModelDecodable.swift; sourceTree = "<group>"; };
		9D86124D2B3D4EC90077D59C /* ModelRoomsDecodable.swift */ = {isa = PBXFileReference; lastKnownFileType = sourcecode.swift; path = ModelRoomsDecodable.swift; sourceTree = "<group>"; };
		9D86124F2B3D4F460077D59C /* ReservationModelDecodable.swift */ = {isa = PBXFileReference; lastKnownFileType = sourcecode.swift; path = ReservationModelDecodable.swift; sourceTree = "<group>"; };
		9D8612522B3D55170077D59C /* ReservationViewModel.swift */ = {isa = PBXFileReference; lastKnownFileType = sourcecode.swift; path = ReservationViewModel.swift; sourceTree = "<group>"; };
		9D8612542B3D55340077D59C /* RoomViewModel.swift */ = {isa = PBXFileReference; lastKnownFileType = sourcecode.swift; path = RoomViewModel.swift; sourceTree = "<group>"; };
		9D8612562B3D97780077D59C /* OrderPaidViewModel.swift */ = {isa = PBXFileReference; lastKnownFileType = sourcecode.swift; path = OrderPaidViewModel.swift; sourceTree = "<group>"; };
		9D8612582B3D9BF80077D59C /* NetworkService.swift */ = {isa = PBXFileReference; lastKnownFileType = sourcecode.swift; path = NetworkService.swift; sourceTree = "<group>"; };
		9D86125A2B3E1B160077D59C /* NetworkError.swift */ = {isa = PBXFileReference; lastKnownFileType = sourcecode.swift; path = NetworkError.swift; sourceTree = "<group>"; };
		9D86125D2B3E1D430077D59C /* Coordinator.swift */ = {isa = PBXFileReference; lastKnownFileType = sourcecode.swift; path = Coordinator.swift; sourceTree = "<group>"; };
		9D86125F2B3E1D710077D59C /* AppCoordinator.swift */ = {isa = PBXFileReference; lastKnownFileType = sourcecode.swift; path = AppCoordinator.swift; sourceTree = "<group>"; };
		9D8612612B3E23450077D59C /* DataConverter.swift */ = {isa = PBXFileReference; lastKnownFileType = sourcecode.swift; path = DataConverter.swift; sourceTree = "<group>"; };
		9D8612632B3E24030077D59C /* HotelModel.swift */ = {isa = PBXFileReference; lastKnownFileType = sourcecode.swift; path = HotelModel.swift; sourceTree = "<group>"; };
		9D8612652B3EF1B00077D59C /* RoomsModel.swift */ = {isa = PBXFileReference; lastKnownFileType = sourcecode.swift; path = RoomsModel.swift; sourceTree = "<group>"; };
		9D8612672B3F94840077D59C /* UsefulMethods.swift */ = {isa = PBXFileReference; lastKnownFileType = sourcecode.swift; path = UsefulMethods.swift; sourceTree = "<group>"; };
		9D8612692B3F95320077D59C /* UIActivityIndicatorViewExtensions.swift */ = {isa = PBXFileReference; lastKnownFileType = sourcecode.swift; path = UIActivityIndicatorViewExtensions.swift; sourceTree = "<group>"; };
		9DB6D8972B3720B300FA3C41 /* ImageCell.swift */ = {isa = PBXFileReference; lastKnownFileType = sourcecode.swift; path = ImageCell.swift; sourceTree = "<group>"; };
		9DB6D89D2B37615900FA3C41 /* RoomViewController.swift */ = {isa = PBXFileReference; lastKnownFileType = sourcecode.swift; path = RoomViewController.swift; sourceTree = "<group>"; };
		9DB6D89F2B3761E500FA3C41 /* RoomView.swift */ = {isa = PBXFileReference; lastKnownFileType = sourcecode.swift; path = RoomView.swift; sourceTree = "<group>"; };
		9DB6D8A12B3765A900FA3C41 /* RoomCell.swift */ = {isa = PBXFileReference; lastKnownFileType = sourcecode.swift; path = RoomCell.swift; sourceTree = "<group>"; };
		9DB6D8A32B38B9DB00FA3C41 /* PriceView.swift */ = {isa = PBXFileReference; lastKnownFileType = sourcecode.swift; path = PriceView.swift; sourceTree = "<group>"; };
		9DB6D8A52B38C3F300FA3C41 /* AdvantagesView.swift */ = {isa = PBXFileReference; lastKnownFileType = sourcecode.swift; path = AdvantagesView.swift; sourceTree = "<group>"; };
		9DD944142B34F60C0012D1D5 /* UIImage.swift */ = {isa = PBXFileReference; lastKnownFileType = sourcecode.swift; path = UIImage.swift; sourceTree = "<group>"; };
		9DD944162B34F6DF0012D1D5 /* ServiceCellForStack.swift */ = {isa = PBXFileReference; lastKnownFileType = sourcecode.swift; path = ServiceCellForStack.swift; sourceTree = "<group>"; };
		9DD944182B35091F0012D1D5 /* ServiceModel.swift */ = {isa = PBXFileReference; lastKnownFileType = sourcecode.swift; path = ServiceModel.swift; sourceTree = "<group>"; };
/* End PBXFileReference section */

/* Begin PBXFrameworksBuildPhase section */
		9D7AA4292B3187F600EEAC9A /* Frameworks */ = {
			isa = PBXFrameworksBuildPhase;
			buildActionMask = 2147483647;
			files = (
				9DD9440F2B34B5960012D1D5 /* TTGTags in Frameworks */,
				9D86122C2B3AEE3C0077D59C /* IQKeyboardManagerSwift in Frameworks */,
			);
			runOnlyForDeploymentPostprocessing = 0;
		};
/* End PBXFrameworksBuildPhase section */

/* Begin PBXGroup section */
		9D7AA4232B3187F600EEAC9A = {
			isa = PBXGroup;
			children = (
				9D7AA42E2B3187F600EEAC9A /* testTaskHotel */,
				9D7AA42D2B3187F600EEAC9A /* Products */,
			);
			sourceTree = "<group>";
		};
		9D7AA42D2B3187F600EEAC9A /* Products */ = {
			isa = PBXGroup;
			children = (
				9D7AA42C2B3187F600EEAC9A /* testTaskHotel.app */,
			);
			name = Products;
			sourceTree = "<group>";
		};
		9D7AA42E2B3187F600EEAC9A /* testTaskHotel */ = {
			isa = PBXGroup;
			children = (
				9D7AA4432B31892000EEAC9A /* Application */,
				9D86125C2B3E1C3D0077D59C /* Coordinators */,
				9D7AA4662B33542300EEAC9A /* Extensions */,
				9D7AA43D2B3187F800EEAC9A /* Info.plist */,
				9D7AA4452B31898800EEAC9A /* Model */,
				9D8612482B3CC7E10077D59C /* Modules */,
				9D8612512B3D531E0077D59C /* NetworkService */,
				9D7AA4442B31896D00EEAC9A /* Resources */,
				9D7AA44A2B318AC900EEAC9A /* SmartView */,
				9D7AA4462B3189B700EEAC9A /* Utils */,
			);
			path = testTaskHotel;
			sourceTree = "<group>";
		};
		9D7AA4432B31892000EEAC9A /* Application */ = {
			isa = PBXGroup;
			children = (
				9D7AA42F2B3187F600EEAC9A /* AppDelegate.swift */,
				9D7AA4312B3187F600EEAC9A /* SceneDelegate.swift */,
				9D7AA43A2B3187F800EEAC9A /* LaunchScreen.storyboard */,
			);
			path = Application;
			sourceTree = "<group>";
		};
		9D7AA4442B31896D00EEAC9A /* Resources */ = {
			isa = PBXGroup;
			children = (
				9D7AA4382B3187F800EEAC9A /* Assets.xcassets */,
				9D7AA44F2B318D5B00EEAC9A /* Colors.xcassets */,
				9D8612672B3F94840077D59C /* UsefulMethods.swift */,
			);
			path = Resources;
			sourceTree = "<group>";
		};
		9D7AA4452B31898800EEAC9A /* Model */ = {
			isa = PBXGroup;
			children = (
				9D86124B2B3D4EAB0077D59C /* HotelModelDecodable.swift */,
				9D86124D2B3D4EC90077D59C /* ModelRoomsDecodable.swift */,
				9D86124F2B3D4F460077D59C /* ReservationModelDecodable.swift */,
			);
			path = Model;
			sourceTree = "<group>";
		};
		9D7AA4462B3189B700EEAC9A /* Utils */ = {
			isa = PBXGroup;
			children = (
				9D7AA44D2B318D1200EEAC9A /* UIColor.swift */,
				9D7AA4622B331E5E00EEAC9A /* UIFont.swift */,
				9DD944142B34F60C0012D1D5 /* UIImage.swift */,
			);
			path = Utils;
			sourceTree = "<group>";
		};
		9D7AA4472B318A6200EEAC9A /* Hotel */ = {
			isa = PBXGroup;
			children = (
				9DD944122B34EAE00012D1D5 /* Model */,
				9D7AA4522B318FB300EEAC9A /* View */,
				9D7AA4512B318FAB00EEAC9A /* ViewModel */,
			);
			path = Hotel;
			sourceTree = "<group>";
		};
		9D7AA4482B318A7200EEAC9A /* Room */ = {
			isa = PBXGroup;
			children = (
				9DB6D89A2B37611200FA3C41 /* Model */,
				9DB6D89B2B37611900FA3C41 /* View */,
				9DB6D89C2B37611E00FA3C41 /* ViewModel */,
			);
			path = Room;
			sourceTree = "<group>";
		};
		9D7AA4492B318A7900EEAC9A /* Reservation */ = {
			isa = PBXGroup;
			children = (
				9D8612252B3ACABA0077D59C /* Model */,
				9D8612232B3ACAA60077D59C /* View */,
				9D8612242B3ACAB20077D59C /* ViewModel */,
			);
			path = Reservation;
			sourceTree = "<group>";
		};
		9D7AA44A2B318AC900EEAC9A /* SmartView */ = {
			isa = PBXGroup;
			children = (
				9DB6D8A52B38C3F300FA3C41 /* AdvantagesView.swift */,
				9D7AA44B2B318B6B00EEAC9A /* CustomBlueButton.swift */,
				9D8612282B3AEDE60077D59C /* CustomTextField.swift */,
				9DB6D8992B373EDE00FA3C41 /* GalleryPhotoView */,
				9D7AA45A2B31D5C300EEAC9A /* NameHotelAndLocationView.swift */,
				9DB6D8A32B38B9DB00FA3C41 /* PriceView.swift */,
			);
			path = SmartView;
			sourceTree = "<group>";
		};
		9D7AA4512B318FAB00EEAC9A /* ViewModel */ = {
			isa = PBXGroup;
			children = (
				9D7AA4582B318FF000EEAC9A /* HotelViewModel.swift */,
			);
			path = ViewModel;
			sourceTree = "<group>";
		};
		9D7AA4522B318FB300EEAC9A /* View */ = {
			isa = PBXGroup;
			children = (
				9D7AA4642B3336D200EEAC9A /* DescriptionHotelCell.swift */,
				9D7AA4532B318FCC00EEAC9A /* HotelView.swift */,
				9D7AA4562B318FDD00EEAC9A /* HotelViewController.swift */,
				9DD944162B34F6DF0012D1D5 /* ServiceCellForStack.swift */,
				9D7AA45C2B31E38300EEAC9A /* TitleHotelHeader.swift */,
			);
			path = View;
			sourceTree = "<group>";
		};
		9D7AA4662B33542300EEAC9A /* Extensions */ = {
			isa = PBXGroup;
			children = (
				9D8612692B3F95320077D59C /* UIActivityIndicatorViewExtensions.swift */,
				9D86121F2B3AC2300077D59C /* UILabelExtensions.swift */,
				9D8612332B3B1A5E0077D59C /* UIStackViewExtensions.swift */,
				9D7AA4672B33548100EEAC9A /* UIViewExtensions.swift */,
			);
			path = Extensions;
			sourceTree = "<group>";
		};
		9D8612232B3ACAA60077D59C /* View */ = {
			isa = PBXGroup;
			children = (
				9D8612372B3B72A80077D59C /* FinalPriceAndAddTouristFooter.swift */,
				9D86122D2B3B084E0077D59C /* OrderParametersHeader.swift */,
				9D8612312B3B0AEA0077D59C /* OrderStackView.swift */,
				9D8612212B3ACAA10077D59C /* ReservationViewController.swift */,
				9D8612262B3ACDFE0077D59C /* ReservationView.swift */,
				9D8612352B3B37E10077D59C /* TouristCell.swift */,
			);
			path = View;
			sourceTree = "<group>";
		};
		9D8612242B3ACAB20077D59C /* ViewModel */ = {
			isa = PBXGroup;
			children = (
				9D8612522B3D55170077D59C /* ReservationViewModel.swift */,
			);
			path = ViewModel;
			sourceTree = "<group>";
		};
		9D8612252B3ACABA0077D59C /* Model */ = {
			isa = PBXGroup;
			children = (
			);
			path = Model;
			sourceTree = "<group>";
		};
		9D8612402B3CC19B0077D59C /* OrderPaid */ = {
			isa = PBXGroup;
			children = (
				9D8612432B3CC1DA0077D59C /* Model */,
				9D8612412B3CC1AA0077D59C /* View */,
				9D8612422B3CC1B10077D59C /* ViewModel */,
			);
			path = OrderPaid;
			sourceTree = "<group>";
		};
		9D8612412B3CC1AA0077D59C /* View */ = {
			isa = PBXGroup;
			children = (
				9D8612462B3CC2050077D59C /* OrderPaidView.swift */,
				9D8612442B3CC1F40077D59C /* OrderPaidViewController.swift */,
			);
			path = View;
			sourceTree = "<group>";
		};
		9D8612422B3CC1B10077D59C /* ViewModel */ = {
			isa = PBXGroup;
			children = (
				9D8612562B3D97780077D59C /* OrderPaidViewModel.swift */,
			);
			path = ViewModel;
			sourceTree = "<group>";
		};
		9D8612432B3CC1DA0077D59C /* Model */ = {
			isa = PBXGroup;
			children = (
			);
			path = Model;
			sourceTree = "<group>";
		};
		9D8612482B3CC7E10077D59C /* Modules */ = {
			isa = PBXGroup;
			children = (
				9D7AA4472B318A6200EEAC9A /* Hotel */,
				9D8612402B3CC19B0077D59C /* OrderPaid */,
				9D7AA4492B318A7900EEAC9A /* Reservation */,
				9D7AA4482B318A7200EEAC9A /* Room */,
				9D8612492B3D4B4D0077D59C /* ViewModelProtocol.swift */,
			);
			path = Modules;
			sourceTree = "<group>";
		};
		9D8612512B3D531E0077D59C /* NetworkService */ = {
			isa = PBXGroup;
			children = (
				9D8612612B3E23450077D59C /* DataConverter.swift */,
				9D86125A2B3E1B160077D59C /* NetworkError.swift */,
				9D8612582B3D9BF80077D59C /* NetworkService.swift */,
			);
			path = NetworkService;
			sourceTree = "<group>";
		};
		9D86125C2B3E1C3D0077D59C /* Coordinators */ = {
			isa = PBXGroup;
			children = (
				9D86125D2B3E1D430077D59C /* Coordinator.swift */,
				9D86125F2B3E1D710077D59C /* AppCoordinator.swift */,
			);
			path = Coordinators;
			sourceTree = "<group>";
		};
		9DB6D8992B373EDE00FA3C41 /* GalleryPhotoView */ = {
			isa = PBXGroup;
			children = (
				9D7AA45E2B31F13900EEAC9A /* GalleryPhotoView.swift */,
				9DB6D8972B3720B300FA3C41 /* ImageCell.swift */,
			);
			path = GalleryPhotoView;
			sourceTree = "<group>";
		};
		9DB6D89A2B37611200FA3C41 /* Model */ = {
			isa = PBXGroup;
			children = (
				9D8612652B3EF1B00077D59C /* RoomsModel.swift */,
			);
			path = Model;
			sourceTree = "<group>";
		};
		9DB6D89B2B37611900FA3C41 /* View */ = {
			isa = PBXGroup;
			children = (
				9DB6D8A12B3765A900FA3C41 /* RoomCell.swift */,
				9DB6D89F2B3761E500FA3C41 /* RoomView.swift */,
				9DB6D89D2B37615900FA3C41 /* RoomViewController.swift */,
			);
			path = View;
			sourceTree = "<group>";
		};
		9DB6D89C2B37611E00FA3C41 /* ViewModel */ = {
			isa = PBXGroup;
			children = (
				9D8612542B3D55340077D59C /* RoomViewModel.swift */,
			);
			path = ViewModel;
			sourceTree = "<group>";
		};
		9DD944122B34EAE00012D1D5 /* Model */ = {
			isa = PBXGroup;
			children = (
				9DD944182B35091F0012D1D5 /* ServiceModel.swift */,
				9D8612632B3E24030077D59C /* HotelModel.swift */,
			);
			path = Model;
			sourceTree = "<group>";
		};
/* End PBXGroup section */

/* Begin PBXNativeTarget section */
		9D7AA42B2B3187F600EEAC9A /* testTaskHotel */ = {
			isa = PBXNativeTarget;
			buildConfigurationList = 9D7AA4402B3187F800EEAC9A /* Build configuration list for PBXNativeTarget "testTaskHotel" */;
			buildPhases = (
				9D7AA4282B3187F600EEAC9A /* Sources */,
				9D7AA4292B3187F600EEAC9A /* Frameworks */,
				9D7AA42A2B3187F600EEAC9A /* Resources */,
			);
			buildRules = (
			);
			dependencies = (
			);
			name = testTaskHotel;
			packageProductDependencies = (
				9DD9440E2B34B5960012D1D5 /* TTGTags */,
				9D86122B2B3AEE3C0077D59C /* IQKeyboardManagerSwift */,
			);
			productName = testTaskHotel;
			productReference = 9D7AA42C2B3187F600EEAC9A /* testTaskHotel.app */;
			productType = "com.apple.product-type.application";
		};
/* End PBXNativeTarget section */

/* Begin PBXProject section */
		9D7AA4242B3187F600EEAC9A /* Project object */ = {
			isa = PBXProject;
			attributes = {
				BuildIndependentTargetsInParallel = 1;
				LastSwiftUpdateCheck = 1510;
				LastUpgradeCheck = 1510;
				TargetAttributes = {
					9D7AA42B2B3187F600EEAC9A = {
						CreatedOnToolsVersion = 15.1;
					};
				};
			};
			buildConfigurationList = 9D7AA4272B3187F600EEAC9A /* Build configuration list for PBXProject "testTaskHotel" */;
			compatibilityVersion = "Xcode 14.0";
			developmentRegion = en;
			hasScannedForEncodings = 0;
			knownRegions = (
				en,
				Base,
			);
			mainGroup = 9D7AA4232B3187F600EEAC9A;
			packageReferences = (
				9DD9440D2B34B5960012D1D5 /* XCRemoteSwiftPackageReference "TTGTagCollectionView" */,
				9D86122A2B3AEE3C0077D59C /* XCRemoteSwiftPackageReference "IQKeyboardManager" */,
			);
			productRefGroup = 9D7AA42D2B3187F600EEAC9A /* Products */;
			projectDirPath = "";
			projectRoot = "";
			targets = (
				9D7AA42B2B3187F600EEAC9A /* testTaskHotel */,
			);
		};
/* End PBXProject section */

/* Begin PBXResourcesBuildPhase section */
		9D7AA42A2B3187F600EEAC9A /* Resources */ = {
			isa = PBXResourcesBuildPhase;
			buildActionMask = 2147483647;
			files = (
				9D7AA4502B318D5B00EEAC9A /* Colors.xcassets in Resources */,
				9D7AA43C2B3187F800EEAC9A /* LaunchScreen.storyboard in Resources */,
				9D7AA4392B3187F800EEAC9A /* Assets.xcassets in Resources */,
			);
			runOnlyForDeploymentPostprocessing = 0;
		};
/* End PBXResourcesBuildPhase section */

/* Begin PBXSourcesBuildPhase section */
		9D7AA4282B3187F600EEAC9A /* Sources */ = {
			isa = PBXSourcesBuildPhase;
			buildActionMask = 2147483647;
			files = (
				9D8612602B3E1D710077D59C /* AppCoordinator.swift in Sources */,
				9D8612532B3D55170077D59C /* ReservationViewModel.swift in Sources */,
				9D8612382B3B72A80077D59C /* FinalPriceAndAddTouristFooter.swift in Sources */,
				9D86125E2B3E1D430077D59C /* Coordinator.swift in Sources */,
				9D8612322B3B0AEA0077D59C /* OrderStackView.swift in Sources */,
				9D8612662B3EF1B00077D59C /* RoomsModel.swift in Sources */,
				9D7AA4682B33548100EEAC9A /* UIViewExtensions.swift in Sources */,
				9DB6D89E2B37615900FA3C41 /* RoomViewController.swift in Sources */,
				9D8612452B3CC1F40077D59C /* OrderPaidViewController.swift in Sources */,
				9DB6D8A62B38C3F300FA3C41 /* AdvantagesView.swift in Sources */,
				9DD944192B35091F0012D1D5 /* ServiceModel.swift in Sources */,
				9D8612342B3B1A5E0077D59C /* UIStackViewExtensions.swift in Sources */,
				9D7AA45F2B31F13900EEAC9A /* GalleryPhotoView.swift in Sources */,
				9D8612222B3ACAA10077D59C /* ReservationViewController.swift in Sources */,
				9DD944172B34F6DF0012D1D5 /* ServiceCellForStack.swift in Sources */,
				9D86124A2B3D4B4D0077D59C /* ViewModelProtocol.swift in Sources */,
				9D86122E2B3B084E0077D59C /* OrderParametersHeader.swift in Sources */,
				9D7AA4302B3187F600EEAC9A /* AppDelegate.swift in Sources */,
				9D8612552B3D55340077D59C /* RoomViewModel.swift in Sources */,
				9D8612292B3AEDE60077D59C /* CustomTextField.swift in Sources */,
				9D7AA4572B318FDD00EEAC9A /* HotelViewController.swift in Sources */,
				9D8612472B3CC2050077D59C /* OrderPaidView.swift in Sources */,
				9D86124E2B3D4EC90077D59C /* ModelRoomsDecodable.swift in Sources */,
				9D8612272B3ACDFE0077D59C /* ReservationView.swift in Sources */,
				9D8612202B3AC2300077D59C /* UILabelExtensions.swift in Sources */,
				9D7AA45B2B31D5C300EEAC9A /* NameHotelAndLocationView.swift in Sources */,
				9D8612622B3E23450077D59C /* DataConverter.swift in Sources */,
				9DD944152B34F60C0012D1D5 /* UIImage.swift in Sources */,
				9D7AA4322B3187F600EEAC9A /* SceneDelegate.swift in Sources */,
				9DB6D8A22B3765A900FA3C41 /* RoomCell.swift in Sources */,
				9D8612572B3D97780077D59C /* OrderPaidViewModel.swift in Sources */,
				9D8612502B3D4F460077D59C /* ReservationModelDecodable.swift in Sources */,
				9DB6D8982B3720B300FA3C41 /* ImageCell.swift in Sources */,
				9D7AA44C2B318B6B00EEAC9A /* CustomBlueButton.swift in Sources */,
				9D7AA45D2B31E38300EEAC9A /* TitleHotelHeader.swift in Sources */,
				9DB6D8A42B38B9DB00FA3C41 /* PriceView.swift in Sources */,
				9D86125B2B3E1B160077D59C /* NetworkError.swift in Sources */,
				9D7AA44E2B318D1200EEAC9A /* UIColor.swift in Sources */,
				9D8612682B3F94840077D59C /* UsefulMethods.swift in Sources */,
				9D86124C2B3D4EAB0077D59C /* HotelModelDecodable.swift in Sources */,
				9D8612592B3D9BF80077D59C /* NetworkService.swift in Sources */,
				9D7AA4632B331E5E00EEAC9A /* UIFont.swift in Sources */,
				9D8612642B3E24030077D59C /* HotelModel.swift in Sources */,
				9D8612362B3B37E10077D59C /* TouristCell.swift in Sources */,
				9D86126A2B3F95320077D59C /* UIActivityIndicatorViewExtensions.swift in Sources */,
				9D7AA4542B318FCC00EEAC9A /* HotelView.swift in Sources */,
				9DB6D8A02B3761E500FA3C41 /* RoomView.swift in Sources */,
				9D7AA4592B318FF000EEAC9A /* HotelViewModel.swift in Sources */,
				9D7AA4652B3336D200EEAC9A /* DescriptionHotelCell.swift in Sources */,
			);
			runOnlyForDeploymentPostprocessing = 0;
		};
/* End PBXSourcesBuildPhase section */

/* Begin PBXVariantGroup section */
		9D7AA43A2B3187F800EEAC9A /* LaunchScreen.storyboard */ = {
			isa = PBXVariantGroup;
			children = (
				9D7AA43B2B3187F800EEAC9A /* Base */,
			);
			name = LaunchScreen.storyboard;
			sourceTree = "<group>";
		};
/* End PBXVariantGroup section */

/* Begin XCBuildConfiguration section */
		9D7AA43E2B3187F800EEAC9A /* Debug */ = {
			isa = XCBuildConfiguration;
			buildSettings = {
				ALWAYS_SEARCH_USER_PATHS = NO;
				ASSETCATALOG_COMPILER_GENERATE_SWIFT_ASSET_SYMBOL_EXTENSIONS = YES;
				CLANG_ANALYZER_NONNULL = YES;
				CLANG_ANALYZER_NUMBER_OBJECT_CONVERSION = YES_AGGRESSIVE;
				CLANG_CXX_LANGUAGE_STANDARD = "gnu++20";
				CLANG_ENABLE_MODULES = YES;
				CLANG_ENABLE_OBJC_ARC = YES;
				CLANG_ENABLE_OBJC_WEAK = YES;
				CLANG_WARN_BLOCK_CAPTURE_AUTORELEASING = YES;
				CLANG_WARN_BOOL_CONVERSION = YES;
				CLANG_WARN_COMMA = YES;
				CLANG_WARN_CONSTANT_CONVERSION = YES;
				CLANG_WARN_DEPRECATED_OBJC_IMPLEMENTATIONS = YES;
				CLANG_WARN_DIRECT_OBJC_ISA_USAGE = YES_ERROR;
				CLANG_WARN_DOCUMENTATION_COMMENTS = YES;
				CLANG_WARN_EMPTY_BODY = YES;
				CLANG_WARN_ENUM_CONVERSION = YES;
				CLANG_WARN_INFINITE_RECURSION = YES;
				CLANG_WARN_INT_CONVERSION = YES;
				CLANG_WARN_NON_LITERAL_NULL_CONVERSION = YES;
				CLANG_WARN_OBJC_IMPLICIT_RETAIN_SELF = YES;
				CLANG_WARN_OBJC_LITERAL_CONVERSION = YES;
				CLANG_WARN_OBJC_ROOT_CLASS = YES_ERROR;
				CLANG_WARN_QUOTED_INCLUDE_IN_FRAMEWORK_HEADER = YES;
				CLANG_WARN_RANGE_LOOP_ANALYSIS = YES;
				CLANG_WARN_STRICT_PROTOTYPES = YES;
				CLANG_WARN_SUSPICIOUS_MOVE = YES;
				CLANG_WARN_UNGUARDED_AVAILABILITY = YES_AGGRESSIVE;
				CLANG_WARN_UNREACHABLE_CODE = YES;
				CLANG_WARN__DUPLICATE_METHOD_MATCH = YES;
				COPY_PHASE_STRIP = NO;
				DEBUG_INFORMATION_FORMAT = dwarf;
				ENABLE_STRICT_OBJC_MSGSEND = YES;
				ENABLE_TESTABILITY = YES;
				ENABLE_USER_SCRIPT_SANDBOXING = YES;
				GCC_C_LANGUAGE_STANDARD = gnu17;
				GCC_DYNAMIC_NO_PIC = NO;
				GCC_NO_COMMON_BLOCKS = YES;
				GCC_OPTIMIZATION_LEVEL = 0;
				GCC_PREPROCESSOR_DEFINITIONS = (
					"DEBUG=1",
					"$(inherited)",
				);
				GCC_WARN_64_TO_32_BIT_CONVERSION = YES;
				GCC_WARN_ABOUT_RETURN_TYPE = YES_ERROR;
				GCC_WARN_UNDECLARED_SELECTOR = YES;
				GCC_WARN_UNINITIALIZED_AUTOS = YES_AGGRESSIVE;
				GCC_WARN_UNUSED_FUNCTION = YES;
				GCC_WARN_UNUSED_VARIABLE = YES;
				IPHONEOS_DEPLOYMENT_TARGET = 17.2;
				LOCALIZATION_PREFERS_STRING_CATALOGS = YES;
				MTL_ENABLE_DEBUG_INFO = INCLUDE_SOURCE;
				MTL_FAST_MATH = YES;
				ONLY_ACTIVE_ARCH = YES;
				SDKROOT = iphoneos;
				SWIFT_ACTIVE_COMPILATION_CONDITIONS = "DEBUG $(inherited)";
				SWIFT_OPTIMIZATION_LEVEL = "-Onone";
			};
			name = Debug;
		};
		9D7AA43F2B3187F800EEAC9A /* Release */ = {
			isa = XCBuildConfiguration;
			buildSettings = {
				ALWAYS_SEARCH_USER_PATHS = NO;
				ASSETCATALOG_COMPILER_GENERATE_SWIFT_ASSET_SYMBOL_EXTENSIONS = YES;
				CLANG_ANALYZER_NONNULL = YES;
				CLANG_ANALYZER_NUMBER_OBJECT_CONVERSION = YES_AGGRESSIVE;
				CLANG_CXX_LANGUAGE_STANDARD = "gnu++20";
				CLANG_ENABLE_MODULES = YES;
				CLANG_ENABLE_OBJC_ARC = YES;
				CLANG_ENABLE_OBJC_WEAK = YES;
				CLANG_WARN_BLOCK_CAPTURE_AUTORELEASING = YES;
				CLANG_WARN_BOOL_CONVERSION = YES;
				CLANG_WARN_COMMA = YES;
				CLANG_WARN_CONSTANT_CONVERSION = YES;
				CLANG_WARN_DEPRECATED_OBJC_IMPLEMENTATIONS = YES;
				CLANG_WARN_DIRECT_OBJC_ISA_USAGE = YES_ERROR;
				CLANG_WARN_DOCUMENTATION_COMMENTS = YES;
				CLANG_WARN_EMPTY_BODY = YES;
				CLANG_WARN_ENUM_CONVERSION = YES;
				CLANG_WARN_INFINITE_RECURSION = YES;
				CLANG_WARN_INT_CONVERSION = YES;
				CLANG_WARN_NON_LITERAL_NULL_CONVERSION = YES;
				CLANG_WARN_OBJC_IMPLICIT_RETAIN_SELF = YES;
				CLANG_WARN_OBJC_LITERAL_CONVERSION = YES;
				CLANG_WARN_OBJC_ROOT_CLASS = YES_ERROR;
				CLANG_WARN_QUOTED_INCLUDE_IN_FRAMEWORK_HEADER = YES;
				CLANG_WARN_RANGE_LOOP_ANALYSIS = YES;
				CLANG_WARN_STRICT_PROTOTYPES = YES;
				CLANG_WARN_SUSPICIOUS_MOVE = YES;
				CLANG_WARN_UNGUARDED_AVAILABILITY = YES_AGGRESSIVE;
				CLANG_WARN_UNREACHABLE_CODE = YES;
				CLANG_WARN__DUPLICATE_METHOD_MATCH = YES;
				COPY_PHASE_STRIP = NO;
				DEBUG_INFORMATION_FORMAT = "dwarf-with-dsym";
				ENABLE_NS_ASSERTIONS = NO;
				ENABLE_STRICT_OBJC_MSGSEND = YES;
				ENABLE_USER_SCRIPT_SANDBOXING = YES;
				GCC_C_LANGUAGE_STANDARD = gnu17;
				GCC_NO_COMMON_BLOCKS = YES;
				GCC_WARN_64_TO_32_BIT_CONVERSION = YES;
				GCC_WARN_ABOUT_RETURN_TYPE = YES_ERROR;
				GCC_WARN_UNDECLARED_SELECTOR = YES;
				GCC_WARN_UNINITIALIZED_AUTOS = YES_AGGRESSIVE;
				GCC_WARN_UNUSED_FUNCTION = YES;
				GCC_WARN_UNUSED_VARIABLE = YES;
				IPHONEOS_DEPLOYMENT_TARGET = 17.2;
				LOCALIZATION_PREFERS_STRING_CATALOGS = YES;
				MTL_ENABLE_DEBUG_INFO = NO;
				MTL_FAST_MATH = YES;
				SDKROOT = iphoneos;
				SWIFT_COMPILATION_MODE = wholemodule;
				VALIDATE_PRODUCT = YES;
			};
			name = Release;
		};
		9D7AA4412B3187F800EEAC9A /* Debug */ = {
			isa = XCBuildConfiguration;
			buildSettings = {
				ASSETCATALOG_COMPILER_APPICON_NAME = AppIcon;
				ASSETCATALOG_COMPILER_GLOBAL_ACCENT_COLOR_NAME = AccentColor;
				CODE_SIGN_STYLE = Automatic;
				CURRENT_PROJECT_VERSION = 1;
				DEVELOPMENT_TEAM = P2LBNZ3DVN;
				GENERATE_INFOPLIST_FILE = YES;
				INFOPLIST_FILE = testTaskHotel/Info.plist;
				INFOPLIST_KEY_UIApplicationSupportsIndirectInputEvents = YES;
				INFOPLIST_KEY_UILaunchStoryboardName = LaunchScreen;
				INFOPLIST_KEY_UISupportedInterfaceOrientations = UIInterfaceOrientationPortrait;
				INFOPLIST_KEY_UISupportedInterfaceOrientations_iPad = "UIInterfaceOrientationLandscapeLeft UIInterfaceOrientationLandscapeRight UIInterfaceOrientationPortrait UIInterfaceOrientationPortraitUpsideDown";
				IPHONEOS_DEPLOYMENT_TARGET = 15.0;
				LD_RUNPATH_SEARCH_PATHS = (
					"$(inherited)",
					"@executable_path/Frameworks",
				);
				MARKETING_VERSION = 1.0;
				PRODUCT_BUNDLE_IDENTIFIER = "Banin-Andrey.testTaskHotel";
				PRODUCT_NAME = "$(TARGET_NAME)";
				SUPPORTED_PLATFORMS = "iphoneos iphonesimulator";
				SUPPORTS_MACCATALYST = NO;
				SWIFT_EMIT_LOC_STRINGS = YES;
				SWIFT_VERSION = 5.0;
				TARGETED_DEVICE_FAMILY = 1;
			};
			name = Debug;
		};
		9D7AA4422B3187F800EEAC9A /* Release */ = {
			isa = XCBuildConfiguration;
			buildSettings = {
				ASSETCATALOG_COMPILER_APPICON_NAME = AppIcon;
				ASSETCATALOG_COMPILER_GLOBAL_ACCENT_COLOR_NAME = AccentColor;
				CODE_SIGN_STYLE = Automatic;
				CURRENT_PROJECT_VERSION = 1;
				DEVELOPMENT_TEAM = P2LBNZ3DVN;
				GENERATE_INFOPLIST_FILE = YES;
				INFOPLIST_FILE = testTaskHotel/Info.plist;
				INFOPLIST_KEY_UIApplicationSupportsIndirectInputEvents = YES;
				INFOPLIST_KEY_UILaunchStoryboardName = LaunchScreen;
				INFOPLIST_KEY_UISupportedInterfaceOrientations = UIInterfaceOrientationPortrait;
				INFOPLIST_KEY_UISupportedInterfaceOrientations_iPad = "UIInterfaceOrientationLandscapeLeft UIInterfaceOrientationLandscapeRight UIInterfaceOrientationPortrait UIInterfaceOrientationPortraitUpsideDown";
				IPHONEOS_DEPLOYMENT_TARGET = 15.0;
				LD_RUNPATH_SEARCH_PATHS = (
					"$(inherited)",
					"@executable_path/Frameworks",
				);
				MARKETING_VERSION = 1.0;
				PRODUCT_BUNDLE_IDENTIFIER = "Banin-Andrey.testTaskHotel";
				PRODUCT_NAME = "$(TARGET_NAME)";
				SUPPORTED_PLATFORMS = "iphoneos iphonesimulator";
				SUPPORTS_MACCATALYST = NO;
				SWIFT_EMIT_LOC_STRINGS = YES;
				SWIFT_VERSION = 5.0;
				TARGETED_DEVICE_FAMILY = 1;
			};
			name = Release;
		};
/* End XCBuildConfiguration section */

/* Begin XCConfigurationList section */
		9D7AA4272B3187F600EEAC9A /* Build configuration list for PBXProject "testTaskHotel" */ = {
			isa = XCConfigurationList;
			buildConfigurations = (
				9D7AA43E2B3187F800EEAC9A /* Debug */,
				9D7AA43F2B3187F800EEAC9A /* Release */,
			);
			defaultConfigurationIsVisible = 0;
			defaultConfigurationName = Release;
		};
		9D7AA4402B3187F800EEAC9A /* Build configuration list for PBXNativeTarget "testTaskHotel" */ = {
			isa = XCConfigurationList;
			buildConfigurations = (
				9D7AA4412B3187F800EEAC9A /* Debug */,
				9D7AA4422B3187F800EEAC9A /* Release */,
			);
			defaultConfigurationIsVisible = 0;
			defaultConfigurationName = Release;
		};
/* End XCConfigurationList section */

/* Begin XCRemoteSwiftPackageReference section */
		9D86122A2B3AEE3C0077D59C /* XCRemoteSwiftPackageReference "IQKeyboardManager" */ = {
			isa = XCRemoteSwiftPackageReference;
			repositoryURL = "https://github.com/hackiftekhar/IQKeyboardManager";
			requirement = {
				kind = upToNextMajorVersion;
				minimumVersion = 6.5.16;
			};
		};
		9DD9440D2B34B5960012D1D5 /* XCRemoteSwiftPackageReference "TTGTagCollectionView" */ = {
			isa = XCRemoteSwiftPackageReference;
			repositoryURL = "https://github.com/zekunyan/TTGTagCollectionView";
			requirement = {
				kind = upToNextMajorVersion;
				minimumVersion = 2.4.2;
			};
		};
/* End XCRemoteSwiftPackageReference section */

/* Begin XCSwiftPackageProductDependency section */
		9D86122B2B3AEE3C0077D59C /* IQKeyboardManagerSwift */ = {
			isa = XCSwiftPackageProductDependency;
			package = 9D86122A2B3AEE3C0077D59C /* XCRemoteSwiftPackageReference "IQKeyboardManager" */;
			productName = IQKeyboardManagerSwift;
		};
		9DD9440E2B34B5960012D1D5 /* TTGTags */ = {
			isa = XCSwiftPackageProductDependency;
			package = 9DD9440D2B34B5960012D1D5 /* XCRemoteSwiftPackageReference "TTGTagCollectionView" */;
			productName = TTGTags;
		};
/* End XCSwiftPackageProductDependency section */
	};
	rootObject = 9D7AA4242B3187F600EEAC9A /* Project object */;
}
