{
  "pins" : [
    {
      "identity" : "ttgtagcollectionview",
      "kind" : "remoteSourceControl",
      "location" : "https://github.com/zekunyan/TTGTagCollectionView",
      "state" : {
        "revision" : "9550233fd05bf1b0947d55c326aa8527093a96f7",
        "version" : "2.4.2"
      }
    }
  ],
  "version" : 2
}
